{
  "name": "front",
  "lockfileVersion": 2,
  "requires": true,
  "packages": {
    "node_modules/leaflet": {
      "version": "1.7.1",
      "extraneous": true,
      "license": "BSD-2-Clause"
    }
  },
  "dependencies": {
    "leaflet": {
      "version": "1.7.1",
      "extraneous": true
    }
  }
}
